
Microsoft Visual Studio Solution File, Format Version 12.00
Project("{FAE04EC0-301F-11D3-BF4B-00C04F79EFBC}") = "PamelloV7.Framework", "PamelloV7.Framework\PamelloV7.Framework.csproj", "{ECAA0398-7482-4A3E-81D2-49B1662F8496}"
EndProject
Project("{FAE04EC0-301F-11D3-BF4B-00C04F79EFBC}") = "PamelloV7.Framework.SampleApp", "PamelloV7.Framework.SampleApp\PamelloV7.Framework.SampleApp.csproj", "{D251BCA3-E609-4F2F-9862-7480D4A0568D}"
EndProject
Project("{FAE04EC0-301F-11D3-BF4B-00C04F79EFBC}") = "PamelloV7.Framework.Core", "PamelloV7.Framework.Core\PamelloV7.Framework.Core.csproj", "{8D0ED93A-6FFD-4BF0-86FA-B3320C91E9F6}"
EndProject
Project("{FAE04EC0-301F-11D3-BF4B-00C04F79EFBC}") = "PamelloV7.Framework.Shared", "PamelloV7.Framework.Shared\PamelloV7.Framework.Shared.csproj", "{E0246FBF-AD2F-417C-A713-4D55F48A47F4}"
EndProject
Project("{FAE04EC0-301F-11D3-BF4B-00C04F79EFBC}") = "PamelloV7.Framework.Shared.Generators", "PamelloV7.Framework.Shared.Generators\PamelloV7.Framework.Shared.Generators.csproj", "{EDA67A89-48C5-4BEC-AAE9-CE05E1807D02}"
EndProject
Project("{FAE04EC0-301F-11D3-BF4B-00C04F79EFBC}") = "PamelloV7.Framework.Core.Generators", "PamelloV7.Framework.Core.Generators\PamelloV7.Framework.Core.Generators.csproj", "{0501DC75-1BF9-4DD9-8722-6987124FCBA3}"
EndProject
Global
	GlobalSection(SolutionConfigurationPlatforms) = preSolution
		Debug|Any CPU = Debug|Any CPU
		Release|Any CPU = Release|Any CPU
	EndGlobalSection
	GlobalSection(ProjectConfigurationPlatforms) = postSolution
		{ECAA0398-7482-4A3E-81D2-49B1662F8496}.Debug|Any CPU.ActiveCfg = Debug|Any CPU
		{ECAA0398-7482-4A3E-81D2-49B1662F8496}.Debug|Any CPU.Build.0 = Debug|Any CPU
		{ECAA0398-7482-4A3E-81D2-49B1662F8496}.Release|Any CPU.ActiveCfg = Release|Any CPU
		{ECAA0398-7482-4A3E-81D2-49B1662F8496}.Release|Any CPU.Build.0 = Release|Any CPU
		{D251BCA3-E609-4F2F-9862-7480D4A0568D}.Debug|Any CPU.ActiveCfg = Debug|Any CPU
		{D251BCA3-E609-4F2F-9862-7480D4A0568D}.Debug|Any CPU.Build.0 = Debug|Any CPU
		{D251BCA3-E609-4F2F-9862-7480D4A0568D}.Release|Any CPU.ActiveCfg = Release|Any CPU
		{D251BCA3-E609-4F2F-9862-7480D4A0568D}.Release|Any CPU.Build.0 = Release|Any CPU
		{8D0ED93A-6FFD-4BF0-86FA-B3320C91E9F6}.Debug|Any CPU.ActiveCfg = Debug|Any CPU
		{8D0ED93A-6FFD-4BF0-86FA-B3320C91E9F6}.Debug|Any CPU.Build.0 = Debug|Any CPU
		{8D0ED93A-6FFD-4BF0-86FA-B3320C91E9F6}.Release|Any CPU.ActiveCfg = Release|Any CPU
		{8D0ED93A-6FFD-4BF0-86FA-B3320C91E9F6}.Release|Any CPU.Build.0 = Release|Any CPU
		{E0246FBF-AD2F-417C-A713-4D55F48A47F4}.Debug|Any CPU.ActiveCfg = Debug|Any CPU
		{E0246FBF-AD2F-417C-A713-4D55F48A47F4}.Debug|Any CPU.Build.0 = Debug|Any CPU
		{E0246FBF-AD2F-417C-A713-4D55F48A47F4}.Release|Any CPU.ActiveCfg = Release|Any CPU
		{E0246FBF-AD2F-417C-A713-4D55F48A47F4}.Release|Any CPU.Build.0 = Release|Any CPU
		{EDA67A89-48C5-4BEC-AAE9-CE05E1807D02}.Debug|Any CPU.ActiveCfg = Debug|Any CPU
		{EDA67A89-48C5-4BEC-AAE9-CE05E1807D02}.Debug|Any CPU.Build.0 = Debug|Any CPU
		{EDA67A89-48C5-4BEC-AAE9-CE05E1807D02}.Release|Any CPU.ActiveCfg = Release|Any CPU
		{EDA67A89-48C5-4BEC-AAE9-CE05E1807D02}.Release|Any CPU.Build.0 = Release|Any CPU
		{0501DC75-1BF9-4DD9-8722-6987124FCBA3}.Debug|Any CPU.ActiveCfg = Debug|Any CPU
		{0501DC75-1BF9-4DD9-8722-6987124FCBA3}.Debug|Any CPU.Build.0 = Debug|Any CPU
		{0501DC75-1BF9-4DD9-8722-6987124FCBA3}.Release|Any CPU.ActiveCfg = Release|Any CPU
		{0501DC75-1BF9-4DD9-8722-6987124FCBA3}.Release|Any CPU.Build.0 = Release|Any CPU
	EndGlobalSection
EndGlobal
